
Microsoft Visual Studio Solution File, Format Version 12.00
# Visual Studio Version 16
VisualStudioVersion = 16.0.31624.102
MinimumVisualStudioVersion = 10.0.40219.1
Project("{FAE04EC0-301F-11D3-BF4B-00C04F79EFBC}") = "CardClassLibrary", "CardClassLibrary\CardClassLibrary.csproj", "{137553F8-4D27-4D7D-891A-AE206FA092BD}"
EndProject
Project("{FAE04EC0-301F-11D3-BF4B-00C04F79EFBC}") = "TestProject", "TestProject\TestProject.csproj", "{BA3654ED-10D7-487B-8800-2D282B681981}"
EndProject
Global
	GlobalSection(SolutionConfigurationPlatforms) = preSolution
		Debug|Any CPU = Debug|Any CPU
		Release|Any CPU = Release|Any CPU
	EndGlobalSection
	GlobalSection(ProjectConfigurationPlatforms) = postSolution
		{137553F8-4D27-4D7D-891A-AE206FA092BD}.Debug|Any CPU.ActiveCfg = Debug|Any CPU
		{137553F8-4D27-4D7D-891A-AE206FA092BD}.Debug|Any CPU.Build.0 = Debug|Any CPU
		{137553F8-4D27-4D7D-891A-AE206FA092BD}.Release|Any CPU.ActiveCfg = Release|Any CPU
		{137553F8-4D27-4D7D-891A-AE206FA092BD}.Release|Any CPU.Build.0 = Release|Any CPU
		{BA3654ED-10D7-487B-8800-2D282B681981}.Debug|Any CPU.ActiveCfg = Debug|Any CPU
		{BA3654ED-10D7-487B-8800-2D282B681981}.Debug|Any CPU.Build.0 = Debug|Any CPU
		{BA3654ED-10D7-487B-8800-2D282B681981}.Release|Any CPU.ActiveCfg = Release|Any CPU
		{BA3654ED-10D7-487B-8800-2D282B681981}.Release|Any CPU.Build.0 = Release|Any CPU
	EndGlobalSection
	GlobalSection(SolutionProperties) = preSolution
		HideSolutionNode = FALSE
	EndGlobalSection
	GlobalSection(ExtensibilityGlobals) = postSolution
		SolutionGuid = {61E2CCB8-9EF2-4982-A2E8-B4024206CB30}
	EndGlobalSection
EndGlobal
